
Microsoft Visual Studio Solution File, Format Version 12.00
# Visual Studio Version 16
VisualStudioVersion = 16.0.31911.196
MinimumVisualStudioVersion = 10.0.40219.1
Project("{9A19103F-16F7-4668-BE54-9A1E7A4F7556}") = "CSharpSamples1", "CSharpSamples1\CSharpSamples1.csproj", "{C47B5D54-F496-4922-8C3D-D4BDD5F722D1}"
EndProject
Project("{FAE04EC0-301F-11D3-BF4B-00C04F79EFBC}") = "CollectionSamples", "CollectionSamples\CollectionSamples.csproj", "{23E92C65-1E61-414B-BC82-A8F28DFF4B19}"
EndProject
Global
	GlobalSection(SolutionConfigurationPlatforms) = preSolution
		Debug|Any CPU = Debug|Any CPU
		Release|Any CPU = Release|Any CPU
	EndGlobalSection
	GlobalSection(ProjectConfigurationPlatforms) = postSolution
		{C47B5D54-F496-4922-8C3D-D4BDD5F722D1}.Debug|Any CPU.ActiveCfg = Debug|Any CPU
		{C47B5D54-F496-4922-8C3D-D4BDD5F722D1}.Debug|Any CPU.Build.0 = Debug|Any CPU
		{C47B5D54-F496-4922-8C3D-D4BDD5F722D1}.Release|Any CPU.ActiveCfg = Release|Any CPU
		{C47B5D54-F496-4922-8C3D-D4BDD5F722D1}.Release|Any CPU.Build.0 = Release|Any CPU
		{23E92C65-1E61-414B-BC82-A8F28DFF4B19}.Debug|Any CPU.ActiveCfg = Debug|Any CPU
		{23E92C65-1E61-414B-BC82-A8F28DFF4B19}.Debug|Any CPU.Build.0 = Debug|Any CPU
		{23E92C65-1E61-414B-BC82-A8F28DFF4B19}.Release|Any CPU.ActiveCfg = Release|Any CPU
		{23E92C65-1E61-414B-BC82-A8F28DFF4B19}.Release|Any CPU.Build.0 = Release|Any CPU
	EndGlobalSection
	GlobalSection(SolutionProperties) = preSolution
		HideSolutionNode = FALSE
	EndGlobalSection
	GlobalSection(ExtensibilityGlobals) = postSolution
		SolutionGuid = {20AE30C0-36D6-495F-A7AF-9A99D979AF48}
	EndGlobalSection
EndGlobal
